// !$*UTF8*$!
{
	archiveVersion = 1;
	classes = {
	};
	objectVersion = 46;
	objects = {

/* Begin PBXBuildFile section */
		23DADA921E93DF8D00B8279E /* main.m in Sources */ = {isa = PBXBuildFile; fileRef = 23DADA911E93DF8D00B8279E /* main.m */; };
		23DADA951E93DF8D00B8279E /* AppDelegate.m in Sources */ = {isa = PBXBuildFile; fileRef = 23DADA941E93DF8D00B8279E /* AppDelegate.m */; };
		23DADA981E93DF8D00B8279E /* ViewController.m in Sources */ = {isa = PBXBuildFile; fileRef = 23DADA971E93DF8D00B8279E /* ViewController.m */; };
		23DADA9B1E93DF8D00B8279E /* Main.storyboard in Resources */ = {isa = PBXBuildFile; fileRef = 23DADA991E93DF8D00B8279E /* Main.storyboard */; };
		23DADA9D1E93DF8D00B8279E /* Assets.xcassets in Resources */ = {isa = PBXBuildFile; fileRef = 23DADA9C1E93DF8D00B8279E /* Assets.xcassets */; };
		23DADAA01E93DF8D00B8279E /* LaunchScreen.storyboard in Resources */ = {isa = PBXBuildFile; fileRef = 23DADA9E1E93DF8D00B8279E /* LaunchScreen.storyboard */; };
/* End PBXBuildFile section */

/* Begin PBXFileReference section */
		23DADA8D1E93DF8D00B8279E /* qingming.app */ = {isa = PBXFileReference; explicitFileType = wrapper.application; includeInIndex = 0; path = qingming.app; sourceTree = BUILT_PRODUCTS_DIR; };
		23DADA911E93DF8D00B8279E /* main.m */ = {isa = PBXFileReference; lastKnownFileType = sourcecode.c.objc; path = main.m; sourceTree = "<group>"; };
		23DADA931E93DF8D00B8279E /* AppDelegate.h */ = {isa = PBXFileReference; lastKnownFileType = sourcecode.c.h; path = AppDelegate.h; sourceTree = "<group>"; };
		23DADA941E93DF8D00B8279E /* AppDelegate.m */ = {isa = PBXFileReference; lastKnownFileType = sourcecode.c.objc; path = AppDelegate.m; sourceTree = "<group>"; };
		23DADA961E93DF8D00B8279E /* ViewController.h */ = {isa = PBXFileReference; lastKnownFileType = sourcecode.c.h; path = ViewController.h; sourceTree = "<group>"; };
		23DADA971E93DF8D00B8279E /* ViewController.m */ = {isa = PBXFileReference; lastKnownFileType = sourcecode.c.objc; path = ViewController.m; sourceTree = "<group>"; };
		23DADA9A1E93DF8D00B8279E /* Base */ = {isa = PBXFileReference; lastKnownFileType = file.storyboard; name = Base; path = Base.lproj/Main.storyboard; sourceTree = "<group>"; };
		23DADA9C1E93DF8D00B8279E /* Assets.xcassets */ = {isa = PBXFileReference; lastKnownFileType = folder.assetcatalog; path = Assets.xcassets; sourceTree = "<group>"; };
		23DADA9F1E93DF8D00B8279E /* Base */ = {isa = PBXFileReference; lastKnownFileType = file.storyboard; name = Base; path = Base.lproj/LaunchScreen.storyboard; sourceTree = "<group>"; };
		23DADAA11E93DF8D00B8279E /* Info.plist */ = {isa = PBXFileReference; lastKnownFileType = text.plist.xml; path = Info.plist; sourceTree = "<group>"; };
/* End PBXFileReference section */

/* Begin PBXFrameworksBuildPhase section */
		23DADA8A1E93DF8D00B8279E /* Frameworks */ = {
			isa = PBXFrameworksBuildPhase;
			buildActionMask = 2147483647;
			files = (
			);
			runOnlyForDeploymentPostprocessing = 0;
		};
/* End PBXFrameworksBuildPhase section */

/* Begin PBXGroup section */
		23DADA841E93DF8D00B8279E = {
			isa = PBXGroup;
			children = (
				23DADA8F1E93DF8D00B8279E /* qingming */,
				23DADA8E1E93DF8D00B8279E /* Products */,
			);
			sourceTree = "<group>";
		};
		23DADA8E1E93DF8D00B8279E /* Products */ = {
			isa = PBXGroup;
			children = (
				23DADA8D1E93DF8D00B8279E /* qingming.app */,
			);
			name = Products;
			sourceTree = "<group>";
		};
		23DADA8F1E93DF8D00B8279E /* qingming */ = {
			isa = PBXGroup;
			children = (
				23DADA931E93DF8D00B8279E /* AppDelegate.h */,
				23DADA941E93DF8D00B8279E /* AppDelegate.m */,
				23DADA961E93DF8D00B8279E /* ViewController.h */,
				23DADA971E93DF8D00B8279E /* ViewController.m */,
				23DADA991E93DF8D00B8279E /* Main.storyboard */,
				23DADA9C1E93DF8D00B8279E /* Assets.xcassets */,
				23DADA9E1E93DF8D00B8279E /* LaunchScreen.storyboard */,
				23DADAA11E93DF8D00B8279E /* Info.plist */,
				23DADA901E93DF8D00B8279E /* Supporting Files */,
			);
			path = qingming;
			sourceTree = "<group>";
		};
		23DADA901E93DF8D00B8279E /* Supporting Files */ = {
			isa = PBXGroup;
			children = (
				23DADA911E93DF8D00B8279E /* main.m */,
			);
			name = "Supporting Files";
			sourceTree = "<group>";
		};
/* End PBXGroup section */

/* Begin PBXNativeTarget section */
		23DADA8C1E93DF8D00B8279E /* qingming */ = {
			isa = PBXNativeTarget;
			buildConfigurationList = 23DADAA41E93DF8D00B8279E /* Build configuration list for PBXNativeTarget "qingming" */;
			buildPhases = (
				23DADA891E93DF8D00B8279E /* Sources */,
				23DADA8A1E93DF8D00B8279E /* Frameworks */,
				23DADA8B1E93DF8D00B8279E /* Resources */,
			);
			buildRules = (
			);
			dependencies = (
			);
			name = qingming;
			productName = qingming;
			productReference = 23DADA8D1E93DF8D00B8279E /* qingming.app */;
			productType = "com.apple.product-type.application";
		};
/* End PBXNativeTarget section */

/* Begin PBXProject section */
		23DADA851E93DF8D00B8279E /* Project object */ = {
			isa = PBXProject;
			attributes = {
				LastUpgradeCheck = 0810;
				ORGANIZATIONNAME = kaisa.huang;
				TargetAttributes = {
					23DADA8C1E93DF8D00B8279E = {
						CreatedOnToolsVersion = 8.1;
						ProvisioningStyle = Automatic;
					};
				};
			};
			buildConfigurationList = 23DADA881E93DF8D00B8279E /* Build configuration list for PBXProject "qingming" */;
			compatibilityVersion = "Xcode 3.2";
			developmentRegion = English;
			hasScannedForEncodings = 0;
			knownRegions = (
				en,
				Base,
			);
			mainGroup = 23DADA841E93DF8D00B8279E;
			productRefGroup = 23DADA8E1E93DF8D00B8279E /* Products */;
			projectDirPath = "";
			projectRoot = "";
			targets = (
				23DADA8C1E93DF8D00B8279E /* qingming */,
			);
		};
/* End PBXProject section */

/* Begin PBXResourcesBuildPhase section */
		23DADA8B1E93DF8D00B8279E /* Resources */ = {
			isa = PBXResourcesBuildPhase;
			buildActionMask = 2147483647;
			files = (
				23DADAA01E93DF8D00B8279E /* LaunchScreen.storyboard in Resources */,
				23DADA9D1E93DF8D00B8279E /* Assets.xcassets in Resources */,
				23DADA9B1E93DF8D00B8279E /* Main.storyboard in Resources */,
			);
			runOnlyForDeploymentPostprocessing = 0;
		};
/* End PBXResourcesBuildPhase section */

/* Begin PBXSourcesBuildPhase section */
		23DADA891E93DF8D00B8279E /* Sources */ = {
			isa = PBXSourcesBuildPhase;
			buildActionMask = 2147483647;
			files = (
				23DADA981E93DF8D00B8279E /* ViewController.m in Sources */,
				23DADA951E93DF8D00B8279E /* AppDelegate.m in Sources */,
				23DADA921E93DF8D00B8279E /* main.m in Sources */,
			);
			runOnlyForDeploymentPostprocessing = 0;
		};
/* End PBXSourcesBuildPhase section */

/* Begin PBXVariantGroup section */
		23DADA991E93DF8D00B8279E /* Main.storyboard */ = {
			isa = PBXVariantGroup;
			children = (
				23DADA9A1E93DF8D00B8279E /* Base */,
			);
			name = Main.storyboard;
			sourceTree = "<group>";
		};
		23DADA9E1E93DF8D00B8279E /* LaunchScreen.storyboard */ = {
			isa = PBXVariantGroup;
			children = (
				23DADA9F1E93DF8D00B8279E /* Base */,
			);
			name = LaunchScreen.storyboard;
			sourceTree = "<group>";
		};
/* End PBXVariantGroup section */

/* Begin XCBuildConfiguration section */
		23DADAA21E93DF8D00B8279E /* Debug */ = {
			isa = XCBuildConfiguration;
			buildSettings = {
				ALWAYS_SEARCH_USER_PATHS = NO;
				CLANG_ANALYZER_NONNULL = YES;
				CLANG_CXX_LANGUAGE_STANDARD = "gnu++0x";
				CLANG_CXX_LIBRARY = "libc++";
				CLANG_ENABLE_MODULES = YES;
				CLANG_ENABLE_OBJC_ARC = YES;
				CLANG_WARN_BOOL_CONVERSION = YES;
				CLANG_WARN_CONSTANT_CONVERSION = YES;
				CLANG_WARN_DIRECT_OBJC_ISA_USAGE = YES_ERROR;
				CLANG_WARN_DOCUMENTATION_COMMENTS = YES;
				CLANG_WARN_EMPTY_BODY = YES;
				CLANG_WARN_ENUM_CONVERSION = YES;
				CLANG_WARN_INFINITE_RECURSION = YES;
				CLANG_WARN_INT_CONVERSION = YES;
				CLANG_WARN_OBJC_ROOT_CLASS = YES_ERROR;
				CLANG_WARN_SUSPICIOUS_MOVES = YES;
				CLANG_WARN_UNREACHABLE_CODE = YES;
				CLANG_WARN__DUPLICATE_METHOD_MATCH = YES;
				"CODE_SIGN_IDENTITY[sdk=iphoneos*]" = "iPhone Developer";
				COPY_PHASE_STRIP = NO;
				DEBUG_INFORMATION_FORMAT = dwarf;
				ENABLE_STRICT_OBJC_MSGSEND = YES;
				ENABLE_TESTABILITY = YES;
				GCC_C_LANGUAGE_STANDARD = gnu99;
				GCC_DYNAMIC_NO_PIC = NO;
				GCC_NO_COMMON_BLOCKS = YES;
				GCC_OPTIMIZATION_LEVEL = 0;
				GCC_PREPROCESSOR_DEFINITIONS = (
					"DEBUG=1",
					"$(inherited)",
				);
				GCC_WARN_64_TO_32_BIT_CONVERSION = YES;
				GCC_WARN_ABOUT_RETURN_TYPE = YES_ERROR;
				GCC_WARN_UNDECLARED_SELECTOR = YES;
				GCC_WARN_UNINITIALIZED_AUTOS = YES_AGGRESSIVE;
				GCC_WARN_UNUSED_FUNCTION = YES;
				GCC_WARN_UNUSED_VARIABLE = YES;
				IPHONEOS_DEPLOYMENT_TARGET = 10.1;
				MTL_ENABLE_DEBUG_INFO = YES;
				ONLY_ACTIVE_ARCH = YES;
				SDKROOT = iphoneos;
				TARGETED_DEVICE_FAMILY = "1,2";
			};
			name = Debug;
		};
		23DADAA31E93DF8D00B8279E /* Release */ = {
			isa = XCBuildConfiguration;
			buildSettings = {
				ALWAYS_SEARCH_USER_PATHS = NO;
				CLANG_ANALYZER_NONNULL = YES;
				CLANG_CXX_LANGUAGE_STANDARD = "gnu++0x";
				CLANG_CXX_LIBRARY = "libc++";
				CLANG_ENABLE_MODULES = YES;
				CLANG_ENABLE_OBJC_ARC = YES;
				CLANG_WARN_BOOL_CONVERSION = YES;
				CLANG_WARN_CONSTANT_CONVERSION = YES;
				CLANG_WARN_DIRECT_OBJC_ISA_USAGE = YES_ERROR;
				CLANG_WARN_DOCUMENTATION_COMMENTS = YES;
				CLANG_WARN_EMPTY_BODY = YES;
				CLANG_WARN_ENUM_CONVERSION = YES;
				CLANG_WARN_INFINITE_RECURSION = YES;
				CLANG_WARN_INT_CONVERSION = YES;
				CLANG_WARN_OBJC_ROOT_CLASS = YES_ERROR;
				CLANG_WARN_SUSPICIOUS_MOVES = YES;
				CLANG_WARN_UNREACHABLE_CODE = YES;
				CLANG_WARN__DUPLICATE_METHOD_MATCH = YES;
				"CODE_SIGN_IDENTITY[sdk=iphoneos*]" = "iPhone Developer";
				COPY_PHASE_STRIP = NO;
				DEBUG_INFORMATION_FORMAT = "dwarf-with-dsym";
				ENABLE_NS_ASSERTIONS = NO;
				ENABLE_STRICT_OBJC_MSGSEND = YES;
				GCC_C_LANGUAGE_STANDARD = gnu99;
				GCC_NO_COMMON_BLOCKS = YES;
				GCC_WARN_64_TO_32_BIT_CONVERSION = YES;
				GCC_WARN_ABOUT_RETURN_TYPE = YES_ERROR;
				GCC_WARN_UNDECLARED_SELECTOR = YES;
				GCC_WARN_UNINITIALIZED_AUTOS = YES_AGGRESSIVE;
				GCC_WARN_UNUSED_FUNCTION = YES;
				GCC_WARN_UNUSED_VARIABLE = YES;
				IPHONEOS_DEPLOYMENT_TARGET = 10.1;
				MTL_ENABLE_DEBUG_INFO = NO;
				SDKROOT = iphoneos;
				TARGETED_DEVICE_FAMILY = "1,2";
				VALIDATE_PRODUCT = YES;
			};
			name = Release;
		};
		23DADAA51E93DF8D00B8279E /* Debug */ = {
			isa = XCBuildConfiguration;
			buildSettings = {
				ASSETCATALOG_COMPILER_APPICON_NAME = AppIcon;
				INFOPLIST_FILE = qingming/Info.plist;
				LD_RUNPATH_SEARCH_PATHS = "$(inherited) @executable_path/Frameworks";
				PRODUCT_BUNDLE_IDENTIFIER = TR.qingming;
				PRODUCT_NAME = "$(TARGET_NAME)";
			};
			name = Debug;
		};
		23DADAA61E93DF8D00B8279E /* Release */ = {
			isa = XCBuildConfiguration;
			buildSettings = {
				ASSETCATALOG_COMPILER_APPICON_NAME = AppIcon;
				INFOPLIST_FILE = qingming/Info.plist;
				LD_RUNPATH_SEARCH_PATHS = "$(inherited) @executable_path/Frameworks";
				PRODUCT_BUNDLE_IDENTIFIER = TR.qingming;
				PRODUCT_NAME = "$(TARGET_NAME)";
			};
			name = Release;
		};
/* End XCBuildConfiguration section */

/* Begin XCConfigurationList section */
		23DADA881E93DF8D00B8279E /* Build configuration list for PBXProject "qingming" */ = {
			isa = XCConfigurationList;
			buildConfigurations = (
				23DADAA21E93DF8D00B8279E /* Debug */,
				23DADAA31E93DF8D00B8279E /* Release */,
			);
			defaultConfigurationIsVisible = 0;
			defaultConfigurationName = Release;
		};
		23DADAA41E93DF8D00B8279E /* Build configuration list for PBXNativeTarget "qingming" */ = {
			isa = XCConfigurationList;
			buildConfigurations = (
				23DADAA51E93DF8D00B8279E /* Debug */,
				23DADAA61E93DF8D00B8279E /* Release */,
			);
			defaultConfigurationIsVisible = 0;
		};
/* End XCConfigurationList section */
	};
	rootObject = 23DADA851E93DF8D00B8279E /* Project object */;
}
